
Microsoft Visual Studio Solution File, Format Version 12.00
Project("{FAE04EC0-301F-11D3-BF4B-00C04F79EFBC}") = "PPD-Lab2", "PPD-Lab2\PPD-Lab2.csproj", "{778A7F73-F8DA-43AC-840E-3B97FFA8CF1F}"
EndProject
Global
	GlobalSection(SolutionConfigurationPlatforms) = preSolution
		Debug|Any CPU = Debug|Any CPU
		Release|Any CPU = Release|Any CPU
	EndGlobalSection
	GlobalSection(ProjectConfigurationPlatforms) = postSolution
		{778A7F73-F8DA-43AC-840E-3B97FFA8CF1F}.Debug|Any CPU.ActiveCfg = Debug|Any CPU
		{778A7F73-F8DA-43AC-840E-3B97FFA8CF1F}.Debug|Any CPU.Build.0 = Debug|Any CPU
		{778A7F73-F8DA-43AC-840E-3B97FFA8CF1F}.Release|Any CPU.ActiveCfg = Release|Any CPU
		{778A7F73-F8DA-43AC-840E-3B97FFA8CF1F}.Release|Any CPU.Build.0 = Release|Any CPU
	EndGlobalSection
EndGlobal
